
Microsoft Visual Studio Solution File, Format Version 9.00
# Visual C++ Express 2005
Project("{8BC9CEB8-8B4A-11D0-8D11-00A0C91BC942}") = "allegrohelloworld", "allegro\allegrohelloworld.vcproj", "{4552E98E-FF1F-47D7-867F-2CA41DEAF306}"
EndProject
Project("{8BC9CEB8-8B4A-11D0-8D11-00A0C91BC942}") = "allegrowidgets", "allegro\allegrowidgets.vcproj", "{EE74AB75-BB4C-461E-A1D4-006AAA1B013A}"
EndProject
Project("{8BC9CEB8-8B4A-11D0-8D11-00A0C91BC942}") = "allegroaction", "allegro\allegroaction.vcproj", "{0D55C180-6B52-4469-8341-A6F7B48A73D2}"
EndProject
Global
	GlobalSection(SolutionConfigurationPlatforms) = preSolution
		Debug|Win32 = Debug|Win32
		Release|Win32 = Release|Win32
	EndGlobalSection
	GlobalSection(ProjectConfigurationPlatforms) = postSolution
		{4552E98E-FF1F-47D7-867F-2CA41DEAF306}.Debug|Win32.ActiveCfg = Debug|Win32
		{4552E98E-FF1F-47D7-867F-2CA41DEAF306}.Release|Win32.ActiveCfg = Release|Win32
		{4552E98E-FF1F-47D7-867F-2CA41DEAF306}.Release|Win32.Build.0 = Release|Win32
		{EE74AB75-BB4C-461E-A1D4-006AAA1B013A}.Debug|Win32.ActiveCfg = Debug|Win32
		{EE74AB75-BB4C-461E-A1D4-006AAA1B013A}.Release|Win32.ActiveCfg = Release|Win32
		{EE74AB75-BB4C-461E-A1D4-006AAA1B013A}.Release|Win32.Build.0 = Release|Win32
		{0D55C180-6B52-4469-8341-A6F7B48A73D2}.Debug|Win32.ActiveCfg = Debug|Win32
		{0D55C180-6B52-4469-8341-A6F7B48A73D2}.Debug|Win32.Build.0 = Debug|Win32
		{0D55C180-6B52-4469-8341-A6F7B48A73D2}.Release|Win32.ActiveCfg = Release|Win32
		{0D55C180-6B52-4469-8341-A6F7B48A73D2}.Release|Win32.Build.0 = Release|Win32
	EndGlobalSection
	GlobalSection(SolutionProperties) = preSolution
		HideSolutionNode = FALSE
	EndGlobalSection
EndGlobal
