
Microsoft Visual Studio Solution File, Format Version 9.00
# Visual C++ Express 2005
Project("{8BC9CEB8-8B4A-11D0-8D11-00A0C91BC942}") = "hgeaction", "hge\hgeaction.vcproj", "{CBB57475-4940-4C0B-85FE-06563A58E228}"
EndProject
Project("{8BC9CEB8-8B4A-11D0-8D11-00A0C91BC942}") = "hgehelloworld", "hge\hgehelloworld.vcproj", "{5634AE00-CED3-4818-BAF2-B790F3EA7DFF}"
EndProject
Project("{8BC9CEB8-8B4A-11D0-8D11-00A0C91BC942}") = "hgewidgets", "hge\hgewidgets.vcproj", "{7CE7FB60-C695-4782-A335-A72AB55919FD}"
EndProject
Global
	GlobalSection(SolutionConfigurationPlatforms) = preSolution
		Debug|Win32 = Debug|Win32
		Release|Win32 = Release|Win32
	EndGlobalSection
	GlobalSection(ProjectConfigurationPlatforms) = postSolution
		{CBB57475-4940-4C0B-85FE-06563A58E228}.Debug|Win32.ActiveCfg = Debug|Win32
		{CBB57475-4940-4C0B-85FE-06563A58E228}.Debug|Win32.Build.0 = Debug|Win32
		{CBB57475-4940-4C0B-85FE-06563A58E228}.Release|Win32.ActiveCfg = Release|Win32
		{CBB57475-4940-4C0B-85FE-06563A58E228}.Release|Win32.Build.0 = Release|Win32
		{5634AE00-CED3-4818-BAF2-B790F3EA7DFF}.Debug|Win32.ActiveCfg = Debug|Win32
		{5634AE00-CED3-4818-BAF2-B790F3EA7DFF}.Debug|Win32.Build.0 = Debug|Win32
		{5634AE00-CED3-4818-BAF2-B790F3EA7DFF}.Release|Win32.ActiveCfg = Release|Win32
		{5634AE00-CED3-4818-BAF2-B790F3EA7DFF}.Release|Win32.Build.0 = Release|Win32
		{7CE7FB60-C695-4782-A335-A72AB55919FD}.Debug|Win32.ActiveCfg = Debug|Win32
		{7CE7FB60-C695-4782-A335-A72AB55919FD}.Debug|Win32.Build.0 = Debug|Win32
		{7CE7FB60-C695-4782-A335-A72AB55919FD}.Release|Win32.ActiveCfg = Release|Win32
		{7CE7FB60-C695-4782-A335-A72AB55919FD}.Release|Win32.Build.0 = Release|Win32
	EndGlobalSection
	GlobalSection(SolutionProperties) = preSolution
		HideSolutionNode = FALSE
	EndGlobalSection
EndGlobal
