
Microsoft Visual Studio Solution File, Format Version 9.00
# Visual C++ Express 2005
Project("{8BC9CEB8-8B4A-11D0-8D11-00A0C91BC942}") = "openglallegroaction", "openglallegro\openglallegroaction.vcproj", "{CBB57475-4940-4C0B-85FE-06563A58E228}"
EndProject
Project("{8BC9CEB8-8B4A-11D0-8D11-00A0C91BC942}") = "openglallegrohelloworld", "openglallegro\openglallegrohelloworld.vcproj", "{FEC08B59-7F43-4BE0-8CD1-69FB61FEEB55}"
EndProject
Project("{8BC9CEB8-8B4A-11D0-8D11-00A0C91BC942}") = "openglallegrowidgets", "openglallegro\openglallegrowidgets.vcproj", "{F3815798-5BE0-481E-862B-04542F4F561D}"
EndProject
Global
	GlobalSection(SolutionConfigurationPlatforms) = preSolution
		Debug|Win32 = Debug|Win32
		Release|Win32 = Release|Win32
	EndGlobalSection
	GlobalSection(ProjectConfigurationPlatforms) = postSolution
		{CBB57475-4940-4C0B-85FE-06563A58E228}.Debug|Win32.ActiveCfg = Debug|Win32
		{CBB57475-4940-4C0B-85FE-06563A58E228}.Debug|Win32.Build.0 = Debug|Win32
		{CBB57475-4940-4C0B-85FE-06563A58E228}.Release|Win32.ActiveCfg = Release|Win32
		{CBB57475-4940-4C0B-85FE-06563A58E228}.Release|Win32.Build.0 = Release|Win32
		{FEC08B59-7F43-4BE0-8CD1-69FB61FEEB55}.Debug|Win32.ActiveCfg = Debug|Win32
		{FEC08B59-7F43-4BE0-8CD1-69FB61FEEB55}.Debug|Win32.Build.0 = Debug|Win32
		{FEC08B59-7F43-4BE0-8CD1-69FB61FEEB55}.Release|Win32.ActiveCfg = Release|Win32
		{FEC08B59-7F43-4BE0-8CD1-69FB61FEEB55}.Release|Win32.Build.0 = Release|Win32
		{F3815798-5BE0-481E-862B-04542F4F561D}.Debug|Win32.ActiveCfg = Debug|Win32
		{F3815798-5BE0-481E-862B-04542F4F561D}.Debug|Win32.Build.0 = Debug|Win32
		{F3815798-5BE0-481E-862B-04542F4F561D}.Release|Win32.ActiveCfg = Release|Win32
		{F3815798-5BE0-481E-862B-04542F4F561D}.Release|Win32.Build.0 = Release|Win32
	EndGlobalSection
	GlobalSection(SolutionProperties) = preSolution
		HideSolutionNode = FALSE
	EndGlobalSection
EndGlobal
