
Microsoft Visual Studio Solution File, Format Version 9.00
# Visual C++ Express 2005
Project("{8BC9CEB8-8B4A-11D0-8D11-00A0C91BC942}") = "sdlaction", "sdl\sdlaction.vcproj", "{CBB57475-4940-4C0B-85FE-06563A58E228}"
EndProject
Project("{8BC9CEB8-8B4A-11D0-8D11-00A0C91BC942}") = "sdlhelloworld", "sdl\sdlhelloworld.vcproj", "{4013C042-24EA-43F8-89CF-A2F005DDC2D0}"
EndProject
Project("{8BC9CEB8-8B4A-11D0-8D11-00A0C91BC942}") = "sdlwidgets", "sdl\sdlwidgets.vcproj", "{1F909804-35C3-453A-8AF6-7FD4A5D63784}"
EndProject
Global
	GlobalSection(SolutionConfigurationPlatforms) = preSolution
		Debug|Win32 = Debug|Win32
		Release|Win32 = Release|Win32
	EndGlobalSection
	GlobalSection(ProjectConfigurationPlatforms) = postSolution
		{CBB57475-4940-4C0B-85FE-06563A58E228}.Debug|Win32.ActiveCfg = Debug|Win32
		{CBB57475-4940-4C0B-85FE-06563A58E228}.Debug|Win32.Build.0 = Debug|Win32
		{CBB57475-4940-4C0B-85FE-06563A58E228}.Release|Win32.ActiveCfg = Release|Win32
		{CBB57475-4940-4C0B-85FE-06563A58E228}.Release|Win32.Build.0 = Release|Win32
		{4013C042-24EA-43F8-89CF-A2F005DDC2D0}.Debug|Win32.ActiveCfg = Debug|Win32
		{4013C042-24EA-43F8-89CF-A2F005DDC2D0}.Debug|Win32.Build.0 = Debug|Win32
		{4013C042-24EA-43F8-89CF-A2F005DDC2D0}.Release|Win32.ActiveCfg = Release|Win32
		{4013C042-24EA-43F8-89CF-A2F005DDC2D0}.Release|Win32.Build.0 = Release|Win32
		{1F909804-35C3-453A-8AF6-7FD4A5D63784}.Debug|Win32.ActiveCfg = Debug|Win32
		{1F909804-35C3-453A-8AF6-7FD4A5D63784}.Debug|Win32.Build.0 = Debug|Win32
		{1F909804-35C3-453A-8AF6-7FD4A5D63784}.Release|Win32.ActiveCfg = Release|Win32
		{1F909804-35C3-453A-8AF6-7FD4A5D63784}.Release|Win32.Build.0 = Release|Win32
	EndGlobalSection
	GlobalSection(SolutionProperties) = preSolution
		HideSolutionNode = FALSE
	EndGlobalSection
EndGlobal
