
Microsoft Visual Studio Solution File, Format Version 9.00
# Visual C++ Express 2005
Project("{8BC9CEB8-8B4A-11D0-8D11-00A0C91BC942}") = "guichan", "guichan\guichan.vcproj", "{97388518-672D-491A-8606-E29366CE1FDE}"
EndProject
Project("{8BC9CEB8-8B4A-11D0-8D11-00A0C91BC942}") = "guichan_sdl", "guichan_sdl\guichan_sdl.vcproj", "{2FA104E5-D8D1-4F4F-87B3-F5F9272109ED}"
	ProjectSection(ProjectDependencies) = postProject
		{97388518-672D-491A-8606-E29366CE1FDE} = {97388518-672D-491A-8606-E29366CE1FDE}
	EndProjectSection
EndProject
Project("{8BC9CEB8-8B4A-11D0-8D11-00A0C91BC942}") = "guichan_hge", "guichan_hge\guichan_hge.vcproj", "{0DF13737-DFF1-41CC-83F1-CC4FB098F921}"
	ProjectSection(ProjectDependencies) = postProject
		{97388518-672D-491A-8606-E29366CE1FDE} = {97388518-672D-491A-8606-E29366CE1FDE}
	EndProjectSection
EndProject
Project("{8BC9CEB8-8B4A-11D0-8D11-00A0C91BC942}") = "guichan_opengl", "guichan_opengl\guichan_opengl.vcproj", "{A1063FFE-A864-4D87-A375-17AC9808BF20}"
	ProjectSection(ProjectDependencies) = postProject
		{97388518-672D-491A-8606-E29366CE1FDE} = {97388518-672D-491A-8606-E29366CE1FDE}
	EndProjectSection
EndProject
Project("{8BC9CEB8-8B4A-11D0-8D11-00A0C91BC942}") = "guichan_allegro", "guichan_allegro\guichan_allegro.vcproj", "{3121D468-E663-4104-827B-BC5A667218EF}"
	ProjectSection(ProjectDependencies) = postProject
		{97388518-672D-491A-8606-E29366CE1FDE} = {97388518-672D-491A-8606-E29366CE1FDE}
	EndProjectSection
EndProject
Global
	GlobalSection(SolutionConfigurationPlatforms) = preSolution
		DLL Debug|Win32 = DLL Debug|Win32
		DLL Release|Win32 = DLL Release|Win32
		Static Debug|Win32 = Static Debug|Win32
		Static Release|Win32 = Static Release|Win32
	EndGlobalSection
	GlobalSection(ProjectConfigurationPlatforms) = postSolution
		{97388518-672D-491A-8606-E29366CE1FDE}.DLL Debug|Win32.ActiveCfg = DLL Debug|Win32
		{97388518-672D-491A-8606-E29366CE1FDE}.DLL Debug|Win32.Build.0 = DLL Debug|Win32
		{97388518-672D-491A-8606-E29366CE1FDE}.DLL Release|Win32.ActiveCfg = DLL Release|Win32
		{97388518-672D-491A-8606-E29366CE1FDE}.DLL Release|Win32.Build.0 = DLL Release|Win32
		{97388518-672D-491A-8606-E29366CE1FDE}.Static Debug|Win32.ActiveCfg = Static Debug|Win32
		{97388518-672D-491A-8606-E29366CE1FDE}.Static Debug|Win32.Build.0 = Static Debug|Win32
		{97388518-672D-491A-8606-E29366CE1FDE}.Static Release|Win32.ActiveCfg = Static Release|Win32
		{97388518-672D-491A-8606-E29366CE1FDE}.Static Release|Win32.Build.0 = Static Release|Win32
		{2FA104E5-D8D1-4F4F-87B3-F5F9272109ED}.DLL Debug|Win32.ActiveCfg = DLL Debug|Win32
		{2FA104E5-D8D1-4F4F-87B3-F5F9272109ED}.DLL Debug|Win32.Build.0 = DLL Debug|Win32
		{2FA104E5-D8D1-4F4F-87B3-F5F9272109ED}.DLL Release|Win32.ActiveCfg = DLL Release|Win32
		{2FA104E5-D8D1-4F4F-87B3-F5F9272109ED}.DLL Release|Win32.Build.0 = DLL Release|Win32
		{2FA104E5-D8D1-4F4F-87B3-F5F9272109ED}.Static Debug|Win32.ActiveCfg = Static Debug|Win32
		{2FA104E5-D8D1-4F4F-87B3-F5F9272109ED}.Static Debug|Win32.Build.0 = Static Debug|Win32
		{2FA104E5-D8D1-4F4F-87B3-F5F9272109ED}.Static Release|Win32.ActiveCfg = Static Release|Win32
		{2FA104E5-D8D1-4F4F-87B3-F5F9272109ED}.Static Release|Win32.Build.0 = Static Release|Win32
		{0DF13737-DFF1-41CC-83F1-CC4FB098F921}.DLL Debug|Win32.ActiveCfg = DLL Debug|Win32
		{0DF13737-DFF1-41CC-83F1-CC4FB098F921}.DLL Debug|Win32.Build.0 = DLL Debug|Win32
		{0DF13737-DFF1-41CC-83F1-CC4FB098F921}.DLL Release|Win32.ActiveCfg = DLL Release|Win32
		{0DF13737-DFF1-41CC-83F1-CC4FB098F921}.DLL Release|Win32.Build.0 = DLL Release|Win32
		{0DF13737-DFF1-41CC-83F1-CC4FB098F921}.Static Debug|Win32.ActiveCfg = Static Debug|Win32
		{0DF13737-DFF1-41CC-83F1-CC4FB098F921}.Static Debug|Win32.Build.0 = Static Debug|Win32
		{0DF13737-DFF1-41CC-83F1-CC4FB098F921}.Static Release|Win32.ActiveCfg = Static Release|Win32
		{0DF13737-DFF1-41CC-83F1-CC4FB098F921}.Static Release|Win32.Build.0 = Static Release|Win32
		{A1063FFE-A864-4D87-A375-17AC9808BF20}.DLL Debug|Win32.ActiveCfg = DLL Debug|Win32
		{A1063FFE-A864-4D87-A375-17AC9808BF20}.DLL Debug|Win32.Build.0 = DLL Debug|Win32
		{A1063FFE-A864-4D87-A375-17AC9808BF20}.DLL Release|Win32.ActiveCfg = DLL Release|Win32
		{A1063FFE-A864-4D87-A375-17AC9808BF20}.DLL Release|Win32.Build.0 = DLL Release|Win32
		{A1063FFE-A864-4D87-A375-17AC9808BF20}.Static Debug|Win32.ActiveCfg = Static Debug|Win32
		{A1063FFE-A864-4D87-A375-17AC9808BF20}.Static Debug|Win32.Build.0 = Static Debug|Win32
		{A1063FFE-A864-4D87-A375-17AC9808BF20}.Static Release|Win32.ActiveCfg = Static Release|Win32
		{A1063FFE-A864-4D87-A375-17AC9808BF20}.Static Release|Win32.Build.0 = Static Release|Win32
		{3121D468-E663-4104-827B-BC5A667218EF}.DLL Debug|Win32.ActiveCfg = DLL Debug|Win32
		{3121D468-E663-4104-827B-BC5A667218EF}.DLL Debug|Win32.Build.0 = DLL Debug|Win32
		{3121D468-E663-4104-827B-BC5A667218EF}.DLL Release|Win32.ActiveCfg = DLL Release|Win32
		{3121D468-E663-4104-827B-BC5A667218EF}.DLL Release|Win32.Build.0 = DLL Release|Win32
		{3121D468-E663-4104-827B-BC5A667218EF}.Static Debug|Win32.ActiveCfg = Static Debug|Win32
		{3121D468-E663-4104-827B-BC5A667218EF}.Static Debug|Win32.Build.0 = Static Debug|Win32
		{3121D468-E663-4104-827B-BC5A667218EF}.Static Release|Win32.ActiveCfg = Static Release|Win32
		{3121D468-E663-4104-827B-BC5A667218EF}.Static Release|Win32.Build.0 = Static Release|Win32
	EndGlobalSection
	GlobalSection(SolutionProperties) = preSolution
		HideSolutionNode = FALSE
	EndGlobalSection
EndGlobal
